# This file is generated by running "yarn install" inside your project.
# Manual changes might be lost - proceed with caution!

__metadata:
  version: 8
  cacheKey: 10

"@noble/curves@npm:^1.3.0":
  version: 1.3.0
  resolution: "@noble/curves@npm:1.3.0"
  dependencies:
    "@noble/hashes": "npm:1.3.3"
  checksum: f3cbdd1af00179e30146eac5539e6df290228fb857a7a8ba36d1a772cbe59288a2ca83d06f175d3446ef00db3a80d7fd8b8347f7de9c2d4d5bf3865d8bb78252
  languageName: node
  linkType: hard

"@noble/hashes@npm:1.3.3, @noble/hashes@npm:^1.3.3":
  version: 1.3.3
  resolution: "@noble/hashes@npm:1.3.3"
  checksum: 1025ddde4d24630e95c0818e63d2d54ee131b980fe113312d17ed7468bc18f54486ac86c907685759f8a7e13c2f9b9e83ec7b67d1cc20836f36b5e4a65bb102d
  languageName: node
  linkType: hard

"@polkadot/api-augment@npm:10.11.2":
  version: 10.11.2
  resolution: "@polkadot/api-augment@npm:10.11.2"
  dependencies:
    "@polkadot/api-base": "npm:10.11.2"
    "@polkadot/rpc-augment": "npm:10.11.2"
    "@polkadot/types": "npm:10.11.2"
    "@polkadot/types-augment": "npm:10.11.2"
    "@polkadot/types-codec": "npm:10.11.2"
    "@polkadot/util": "npm:^12.6.2"
    tslib: "npm:^2.6.2"
  checksum: 8362ae5e5768ab60c00d588b67f47eabe80246d7f70336786e5393310ae3b64d5eb5d7d11eb50d5743e4c3aad1cd5da02e7192f079a016be3692123a456cceec
  languageName: node
  linkType: hard

"@polkadot/api-base@npm:10.11.2":
  version: 10.11.2
  resolution: "@polkadot/api-base@npm:10.11.2"
  dependencies:
    "@polkadot/rpc-core": "npm:10.11.2"
    "@polkadot/types": "npm:10.11.2"
    "@polkadot/util": "npm:^12.6.2"
    rxjs: "npm:^7.8.1"
    tslib: "npm:^2.6.2"
  checksum: 927d61cc53885d2ab7d7011e95e1802cd8e999fe06e3d9da29c292b6a1d0c6b7214ef2f973e458ab90c8acfec0761028ed0e000365f3cebea8c379f8c60aff20
  languageName: node
  linkType: hard

"@polkadot/api-derive@npm:10.11.2":
  version: 10.11.2
  resolution: "@polkadot/api-derive@npm:10.11.2"
  dependencies:
    "@polkadot/api": "npm:10.11.2"
    "@polkadot/api-augment": "npm:10.11.2"
    "@polkadot/api-base": "npm:10.11.2"
    "@polkadot/rpc-core": "npm:10.11.2"
    "@polkadot/types": "npm:10.11.2"
    "@polkadot/types-codec": "npm:10.11.2"
    "@polkadot/util": "npm:^12.6.2"
    "@polkadot/util-crypto": "npm:^12.6.2"
    rxjs: "npm:^7.8.1"
    tslib: "npm:^2.6.2"
  checksum: 47a1a002030c9e304abc2411f8f6ef28797f45e4388ee514734a326d4c687204d3d8b526896e5448e18208677d604ade3ee28554c32fe764709c3e640ce9ad27
  languageName: node
  linkType: hard

"@polkadot/api@npm:10.11.2, @polkadot/api@npm:^10.11.2":
  version: 10.11.2
  resolution: "@polkadot/api@npm:10.11.2"
  dependencies:
    "@polkadot/api-augment": "npm:10.11.2"
    "@polkadot/api-base": "npm:10.11.2"
    "@polkadot/api-derive": "npm:10.11.2"
    "@polkadot/keyring": "npm:^12.6.2"
    "@polkadot/rpc-augment": "npm:10.11.2"
    "@polkadot/rpc-core": "npm:10.11.2"
    "@polkadot/rpc-provider": "npm:10.11.2"
    "@polkadot/types": "npm:10.11.2"
    "@polkadot/types-augment": "npm:10.11.2"
    "@polkadot/types-codec": "npm:10.11.2"
    "@polkadot/types-create": "npm:10.11.2"
    "@polkadot/types-known": "npm:10.11.2"
    "@polkadot/util": "npm:^12.6.2"
    "@polkadot/util-crypto": "npm:^12.6.2"
    eventemitter3: "npm:^5.0.1"
    rxjs: "npm:^7.8.1"
    tslib: "npm:^2.6.2"
  checksum: 0e4b2a47b25129fafcea07f93c358f56ea8728933c5300af34f435e6b15a12f2cb5fba664a09d64ef347ddc942e43ce2ee118086cd477f91b58b9eb04b2596ef
  languageName: node
  linkType: hard

"@polkadot/keyring@npm:^12.6.2":
  version: 12.6.2
  resolution: "@polkadot/keyring@npm:12.6.2"
  dependencies:
    "@polkadot/util": "npm:12.6.2"
    "@polkadot/util-crypto": "npm:12.6.2"
    tslib: "npm:^2.6.2"
  peerDependencies:
    "@polkadot/util": 12.6.2
    "@polkadot/util-crypto": 12.6.2
  checksum: 8faf59684ff5d041ba5fa7dd85c3ee4ac3920b2d907f81a485e37aedab64798f9c59b7ec914eb24dfc5271a4ef31e1244aecbd247c66f2b2ec518cfd37dd30fc
  languageName: node
  linkType: hard

"@polkadot/networks@npm:12.6.2, @polkadot/networks@npm:^12.6.2":
  version: 12.6.2
  resolution: "@polkadot/networks@npm:12.6.2"
  dependencies:
    "@polkadot/util": "npm:12.6.2"
    "@substrate/ss58-registry": "npm:^1.44.0"
    tslib: "npm:^2.6.2"
  checksum: 6c2cd7f631ec40489e8f8260b15a138bd0d276d222e4133847e8915c476aea415498dd8d8ab583bdf76f2e4e5bb1c7a20bca9dac110eae2fb48d5f6cf6798349
  languageName: node
  linkType: hard

"@polkadot/rpc-augment@npm:10.11.2":
  version: 10.11.2
  resolution: "@polkadot/rpc-augment@npm:10.11.2"
  dependencies:
    "@polkadot/rpc-core": "npm:10.11.2"
    "@polkadot/types": "npm:10.11.2"
    "@polkadot/types-codec": "npm:10.11.2"
    "@polkadot/util": "npm:^12.6.2"
    tslib: "npm:^2.6.2"
  checksum: 113d5c75b278136d4e684183844e1d5e5dd3820c3cf9c39c311fbc569d039741c28023fb644866004d7d0f7c7e8616b997c3bd9317b443ce2061b0d4da19d1f7
  languageName: node
  linkType: hard

"@polkadot/rpc-core@npm:10.11.2":
  version: 10.11.2
  resolution: "@polkadot/rpc-core@npm:10.11.2"
  dependencies:
    "@polkadot/rpc-augment": "npm:10.11.2"
    "@polkadot/rpc-provider": "npm:10.11.2"
    "@polkadot/types": "npm:10.11.2"
    "@polkadot/util": "npm:^12.6.2"
    rxjs: "npm:^7.8.1"
    tslib: "npm:^2.6.2"
  checksum: 967bf97cddcbd92585efbe8afb414f82e99cf437e0f3a03a91ed05d4d5df4f79b6dc50e50fe6bb63ed9be4a825a3cab556798006d9b5e86c769d829b43c6abd6
  languageName: node
  linkType: hard

"@polkadot/rpc-provider@npm:10.11.2":
  version: 10.11.2
  resolution: "@polkadot/rpc-provider@npm:10.11.2"
  dependencies:
    "@polkadot/keyring": "npm:^12.6.2"
    "@polkadot/types": "npm:10.11.2"
    "@polkadot/types-support": "npm:10.11.2"
    "@polkadot/util": "npm:^12.6.2"
    "@polkadot/util-crypto": "npm:^12.6.2"
    "@polkadot/x-fetch": "npm:^12.6.2"
    "@polkadot/x-global": "npm:^12.6.2"
    "@polkadot/x-ws": "npm:^12.6.2"
    "@substrate/connect": "npm:0.7.35"
    eventemitter3: "npm:^5.0.1"
    mock-socket: "npm:^9.3.1"
    nock: "npm:^13.4.0"
    tslib: "npm:^2.6.2"
  dependenciesMeta:
    "@substrate/connect":
      optional: true
  checksum: adb1a371b0db1087f33f9d68bd672a3ab5a95357bea47099dd34a106bc3f110fa60854d07f539a8b1fb55de913d183de69c06f3081d44cd29e2754cef232bc35
  languageName: node
  linkType: hard

"@polkadot/types-augment@npm:10.11.2":
  version: 10.11.2
  resolution: "@polkadot/types-augment@npm:10.11.2"
  dependencies:
    "@polkadot/types": "npm:10.11.2"
    "@polkadot/types-codec": "npm:10.11.2"
    "@polkadot/util": "npm:^12.6.2"
    tslib: "npm:^2.6.2"
  checksum: 93ebf8d654bd1f78bcd822b9d83a52de4476782aaf6815697015125bd2928e2d867096229a631189db1b15724a0e681f510a613663f18ebbaa44878799ad9607
  languageName: node
  linkType: hard

"@polkadot/types-codec@npm:10.11.2":
  version: 10.11.2
  resolution: "@polkadot/types-codec@npm:10.11.2"
  dependencies:
    "@polkadot/util": "npm:^12.6.2"
    "@polkadot/x-bigint": "npm:^12.6.2"
    tslib: "npm:^2.6.2"
  checksum: 87f0af0e6b26e463bcf693d3d2a9af204cd0def277164dfe6a87671688aa351dcf5cebd6ec4668cd6a40df303f8f5dfe7cd1cd8ead3063148c489ff0ccc752a7
  languageName: node
  linkType: hard

"@polkadot/types-create@npm:10.11.2":
  version: 10.11.2
  resolution: "@polkadot/types-create@npm:10.11.2"
  dependencies:
    "@polkadot/types-codec": "npm:10.11.2"
    "@polkadot/util": "npm:^12.6.2"
    tslib: "npm:^2.6.2"
  checksum: 7468a64ae75290e8dc210c57193c0719a9772b66164388ffd9f5f04967b10397b93305b0b93b03eb578a6fc66aa6bf51c25d785ba906defd807843bd7f5998da
  languageName: node
  linkType: hard

"@polkadot/types-known@npm:10.11.2":
  version: 10.11.2
  resolution: "@polkadot/types-known@npm:10.11.2"
  dependencies:
    "@polkadot/networks": "npm:^12.6.2"
    "@polkadot/types": "npm:10.11.2"
    "@polkadot/types-codec": "npm:10.11.2"
    "@polkadot/types-create": "npm:10.11.2"
    "@polkadot/util": "npm:^12.6.2"
    tslib: "npm:^2.6.2"
  checksum: 3268322e60e34bc3c0196b5e50e5f64b8f7b8c71154330772fd2bb3233a8bfc6eb1f7af8775fb428661920bce23fa16ff73f7ab51d274cc0cad0d381f6951bc8
  languageName: node
  linkType: hard

"@polkadot/types-support@npm:10.11.2":
  version: 10.11.2
  resolution: "@polkadot/types-support@npm:10.11.2"
  dependencies:
    "@polkadot/util": "npm:^12.6.2"
    tslib: "npm:^2.6.2"
  checksum: 9b7d2ef36d19d0f48438fe7e2e0b5e2a4b5088310e097068d0a8f7357de3e1872d823d49d6d97d2d260fd1bf2de1e33875ddfd9dd35afaee8c6d9ba4d83efe8b
  languageName: node
  linkType: hard

"@polkadot/types@npm:10.11.2":
  version: 10.11.2
  resolution: "@polkadot/types@npm:10.11.2"
  dependencies:
    "@polkadot/keyring": "npm:^12.6.2"
    "@polkadot/types-augment": "npm:10.11.2"
    "@polkadot/types-codec": "npm:10.11.2"
    "@polkadot/types-create": "npm:10.11.2"
    "@polkadot/util": "npm:^12.6.2"
    "@polkadot/util-crypto": "npm:^12.6.2"
    rxjs: "npm:^7.8.1"
    tslib: "npm:^2.6.2"
  checksum: 86b6a76f3fe12cfe95d3bebf7b7becb6cf69777c8535b140048db6b46f3394286860c333c0d72944e12d038d6cc636fea6a2a211f3f429285ca273e6ecd09811
  languageName: node
  linkType: hard

"@polkadot/util-crypto@npm:12.6.2, @polkadot/util-crypto@npm:^12.6.2":
  version: 12.6.2
  resolution: "@polkadot/util-crypto@npm:12.6.2"
  dependencies:
    "@noble/curves": "npm:^1.3.0"
    "@noble/hashes": "npm:^1.3.3"
    "@polkadot/networks": "npm:12.6.2"
    "@polkadot/util": "npm:12.6.2"
    "@polkadot/wasm-crypto": "npm:^7.3.2"
    "@polkadot/wasm-util": "npm:^7.3.2"
    "@polkadot/x-bigint": "npm:12.6.2"
    "@polkadot/x-randomvalues": "npm:12.6.2"
    "@scure/base": "npm:^1.1.5"
    tslib: "npm:^2.6.2"
  peerDependencies:
    "@polkadot/util": 12.6.2
  checksum: a587e5e25697f3a928ae8677b82ccdbcc1df95122db2bbde753b0605f44487136fe2f55c502460d931def0007e856db40b1b34b4da3c674638ead459e79f227a
  languageName: node
  linkType: hard

"@polkadot/util@npm:12.6.2, @polkadot/util@npm:^12.6.2":
  version: 12.6.2
  resolution: "@polkadot/util@npm:12.6.2"
  dependencies:
    "@polkadot/x-bigint": "npm:12.6.2"
    "@polkadot/x-global": "npm:12.6.2"
    "@polkadot/x-textdecoder": "npm:12.6.2"
    "@polkadot/x-textencoder": "npm:12.6.2"
    "@types/bn.js": "npm:^5.1.5"
    bn.js: "npm:^5.2.1"
    tslib: "npm:^2.6.2"
  checksum: b7a3c2be417d670fc64d0642818cadbf041cbcfae830f2ee45fc2496e86c8e11c385854b733504a7d6a6391066fd0ef544a1748f0f8809215c37a5c0ff64571d
  languageName: node
  linkType: hard

"@polkadot/wasm-bridge@npm:7.3.2":
  version: 7.3.2
  resolution: "@polkadot/wasm-bridge@npm:7.3.2"
  dependencies:
    "@polkadot/wasm-util": "npm:7.3.2"
    tslib: "npm:^2.6.2"
  peerDependencies:
    "@polkadot/util": "*"
    "@polkadot/x-randomvalues": "*"
  checksum: 8d8afa55d9f14043fb9e414b356d6ba4aa0ccc52219b8022fc86a5ea5be569dea34383b461528069996f5399011db6060ceff158227606d95ab779717ea25f5f
  languageName: node
  linkType: hard

"@polkadot/wasm-crypto-asmjs@npm:7.3.2":
  version: 7.3.2
  resolution: "@polkadot/wasm-crypto-asmjs@npm:7.3.2"
  dependencies:
    tslib: "npm:^2.6.2"
  peerDependencies:
    "@polkadot/util": "*"
  checksum: b8c0c7b3a1e5b4b07b0d4fbec51ae19c529c8a943c0b3c4631490e05f5cc61fa352e7eaf7a9fabeb49ab2e40760ff584346a929e67f6eece82134c13963e6c4b
  languageName: node
  linkType: hard

"@polkadot/wasm-crypto-init@npm:7.3.2":
  version: 7.3.2
  resolution: "@polkadot/wasm-crypto-init@npm:7.3.2"
  dependencies:
    "@polkadot/wasm-bridge": "npm:7.3.2"
    "@polkadot/wasm-crypto-asmjs": "npm:7.3.2"
    "@polkadot/wasm-crypto-wasm": "npm:7.3.2"
    "@polkadot/wasm-util": "npm:7.3.2"
    tslib: "npm:^2.6.2"
  peerDependencies:
    "@polkadot/util": "*"
    "@polkadot/x-randomvalues": "*"
  checksum: 94b950c01f20c2ce98e2e8bfd3dc94fdcdc095a2b3d609c5de3db3bc9e403871ff08479d7eac1d2e4d048b9375e82dafb5bfab3d9d86988ec4afc41e7539d0af
  languageName: node
  linkType: hard

"@polkadot/wasm-crypto-wasm@npm:7.3.2":
  version: 7.3.2
  resolution: "@polkadot/wasm-crypto-wasm@npm:7.3.2"
  dependencies:
    "@polkadot/wasm-util": "npm:7.3.2"
    tslib: "npm:^2.6.2"
  peerDependencies:
    "@polkadot/util": "*"
  checksum: f984db1bf121827b8a39b2f18d838958dfcedb901037a382a5b67126dc20a9c1cec4f3dd8f9ccc2ccd5a5f259d9f2b62df2f03d55cf83185f84709c1b87c5673
  languageName: node
  linkType: hard

"@polkadot/wasm-crypto@npm:^7.3.2":
  version: 7.3.2
  resolution: "@polkadot/wasm-crypto@npm:7.3.2"
  dependencies:
    "@polkadot/wasm-bridge": "npm:7.3.2"
    "@polkadot/wasm-crypto-asmjs": "npm:7.3.2"
    "@polkadot/wasm-crypto-init": "npm:7.3.2"
    "@polkadot/wasm-crypto-wasm": "npm:7.3.2"
    "@polkadot/wasm-util": "npm:7.3.2"
    tslib: "npm:^2.6.2"
  peerDependencies:
    "@polkadot/util": "*"
    "@polkadot/x-randomvalues": "*"
  checksum: ec0bf040388890b0d268ca94d2311bbb27a45b46b4f5812a2a478c1fea3c747878244535280b9c38bf2a65b9b4533bf4f9fddbc4c715d167940e6d951fef146b
  languageName: node
  linkType: hard

"@polkadot/wasm-util@npm:7.3.2, @polkadot/wasm-util@npm:^7.3.2":
  version: 7.3.2
  resolution: "@polkadot/wasm-util@npm:7.3.2"
  dependencies:
    tslib: "npm:^2.6.2"
  peerDependencies:
    "@polkadot/util": "*"
  checksum: 4b19f59aaca5c62933c5b355116a0fcd8dfa03b3e13f2b4c8491058f6d29fd030c956dee3f1c0821da981b874741c9ea62840c179369afb1a358a22216e5ff3c
  languageName: node
  linkType: hard

"@polkadot/x-bigint@npm:12.6.2, @polkadot/x-bigint@npm:^12.6.2":
  version: 12.6.2
  resolution: "@polkadot/x-bigint@npm:12.6.2"
  dependencies:
    "@polkadot/x-global": "npm:12.6.2"
    tslib: "npm:^2.6.2"
  checksum: 8a9533ba955d06213e3810d48e95618186cc832375f82d8b52376a99d7c8f9fdd01ffb9c35495522aec8c28d18ca5ef6c8feeec9770b83ebb64cded4cd3b7e27
  languageName: node
  linkType: hard

"@polkadot/x-fetch@npm:^12.6.2":
  version: 12.6.2
  resolution: "@polkadot/x-fetch@npm:12.6.2"
  dependencies:
    "@polkadot/x-global": "npm:12.6.2"
    node-fetch: "npm:^3.3.2"
    tslib: "npm:^2.6.2"
  checksum: 755feee15234b31de9e74bae5eca1a2e9c17e3e76330e5c5cca5e446fc3c350b8f02e3c3853005d1dd4b3da9d4f6a6c3ffd6d2146ae529b0fa6ed3c4206343af
  languageName: node
  linkType: hard

"@polkadot/x-global@npm:12.6.2, @polkadot/x-global@npm:^12.6.2":
  version: 12.6.2
  resolution: "@polkadot/x-global@npm:12.6.2"
  dependencies:
    tslib: "npm:^2.6.2"
  checksum: 9159bd77e099f734f7c48ba3e37a886ba376c50066b664ee52caf0bf8eb0399b762ca08404ef6470c22e4d20e9fc8c5e0a87026efcbbd0f21ea5504b0e33d587
  languageName: node
  linkType: hard

"@polkadot/x-randomvalues@npm:12.6.2":
  version: 12.6.2
  resolution: "@polkadot/x-randomvalues@npm:12.6.2"
  dependencies:
    "@polkadot/x-global": "npm:12.6.2"
    tslib: "npm:^2.6.2"
  peerDependencies:
    "@polkadot/util": 12.6.2
    "@polkadot/wasm-util": "*"
  checksum: 9ab555931ab81a8834800da35f04cb86df48b0d706d33ea89c51f42b8d340dab7312c462d01ecae04573ba6a01ff1ad6066ea6cf82b1330482ff537eb3c12eeb
  languageName: node
  linkType: hard

"@polkadot/x-textdecoder@npm:12.6.2":
  version: 12.6.2
  resolution: "@polkadot/x-textdecoder@npm:12.6.2"
  dependencies:
    "@polkadot/x-global": "npm:12.6.2"
    tslib: "npm:^2.6.2"
  checksum: ba8ebe34cce1445a78d4eb744c8cfcf068cebfaf6c8efca23e1cdb037e8769cb2738b77b7266e3f86cd2459bb3eb87744f9518cba76e76fca609a16e6b84789e
  languageName: node
  linkType: hard

"@polkadot/x-textencoder@npm:12.6.2":
  version: 12.6.2
  resolution: "@polkadot/x-textencoder@npm:12.6.2"
  dependencies:
    "@polkadot/x-global": "npm:12.6.2"
    tslib: "npm:^2.6.2"
  checksum: b2e721d19660f7bcf3995d695fac5d78d4bc8c5fd0632ec0735eb20dd9b4b79fad1ce7dfe7ade202c4ace5cd2d6b8ac663bb4dca273afa050f73cf1e99498f82
  languageName: node
  linkType: hard

"@polkadot/x-ws@npm:^12.6.2":
  version: 12.6.2
  resolution: "@polkadot/x-ws@npm:12.6.2"
  dependencies:
    "@polkadot/x-global": "npm:12.6.2"
    tslib: "npm:^2.6.2"
    ws: "npm:^8.15.1"
  checksum: de987c0a9d5df7d9eb17d96fd47afb2417eb85b7126e4e11bc4fe7dc908b54307390a1e3da61d251cd5f1f6edd054712f018bdc695ce946e0267806d1f050119
  languageName: node
  linkType: hard

"@scure/base@npm:^1.1.5":
  version: 1.1.5
  resolution: "@scure/base@npm:1.1.5"
  checksum: 543fa9991c6378b6a0d5ab7f1e27b30bb9c1e860d3ac81119b4213cfdf0ad7b61be004e06506e89de7ce0cec9391c17f5c082bb34c3b617a2ee6a04129f52481
  languageName: node
  linkType: hard

"@substrate/connect-extension-protocol@npm:^1.0.1":
  version: 1.0.1
  resolution: "@substrate/connect-extension-protocol@npm:1.0.1"
  checksum: 476e253f997ac3b00ada12becea390ef6566d2bb2b62a2d8ebe15d554faf5552d4c4a1a8be7324c1d95f673232638a19f5dd3fe7599a6287df4784f97d6dee47
  languageName: node
  linkType: hard

"@substrate/connect@npm:0.7.35":
  version: 0.7.35
  resolution: "@substrate/connect@npm:0.7.35"
  dependencies:
    "@substrate/connect-extension-protocol": "npm:^1.0.1"
    smoldot: "npm:2.0.7"
  checksum: 53eb3bd63ff9e8d9d9c66fb3ca5092f0b35372834b707ebe788d79f7d98c23dbbb6cc15237e28feb56b3f06724af980f13ff5c81b5bac6a986031e8d0e067836
  languageName: node
  linkType: hard

"@substrate/ss58-registry@npm:^1.44.0":
  version: 1.44.0
  resolution: "@substrate/ss58-registry@npm:1.44.0"
  checksum: 97a05ca6f439f42ea24bd4d3fc1ab9e77e65e6dd0d2d823e438ae9a82ea4d6249012066149a23c1dad8fb27ec5a3913f6639c2e480377fea3ee96fd1bd592bd0
  languageName: node
  linkType: hard

"@types/bn.js@npm:^5.1.5":
  version: 5.1.5
  resolution: "@types/bn.js@npm:5.1.5"
  dependencies:
    "@types/node": "npm:*"
  checksum: 9719330c86aeae0a6a447c974cf0f853ba3660ede20de61f435b03d699e30e6d8b35bf71a8dc9fdc8317784438e83177644ba068ed653d0ae0106e1ecbfe289e
  languageName: node
  linkType: hard

"@types/node@npm:*":
  version: 20.10.6
  resolution: "@types/node@npm:20.10.6"
  dependencies:
    undici-types: "npm:~5.26.4"
  checksum: 08471220d3cbbb6669835c4b78541edf5eface8f2c2e36c550cfa4ff73da73071c90e200a06359fac25d6564127597c23e178128058fb676824ec23d5178a017
  languageName: node
  linkType: hard

"bn.js@npm:^5.2.1":
  version: 5.2.1
  resolution: "bn.js@npm:5.2.1"
  checksum: 7a7e8764d7a6e9708b8b9841b2b3d6019cc154d2fc23716d0efecfe1e16921b7533c6f7361fb05471eab47986c4aa310c270f88e3507172104632ac8df2cfd84
  languageName: node
  linkType: hard

"data-uri-to-buffer@npm:^4.0.0":
  version: 4.0.1
  resolution: "data-uri-to-buffer@npm:4.0.1"
  checksum: 0d0790b67ffec5302f204c2ccca4494f70b4e2d940fea3d36b09f0bb2b8539c2e86690429eb1f1dc4bcc9e4df0644193073e63d9ee48ac9fce79ec1506e4aa4c
  languageName: node
  linkType: hard

"debug@npm:^4.1.0":
  version: 4.3.4
  resolution: "debug@npm:4.3.4"
  dependencies:
    ms: "npm:2.1.2"
  peerDependenciesMeta:
    supports-color:
      optional: true
  checksum: 0073c3bcbd9cb7d71dd5f6b55be8701af42df3e56e911186dfa46fac3a5b9eb7ce7f377dd1d3be6db8977221f8eb333d945216f645cf56f6b688cd484837d255
  languageName: node
  linkType: hard

"eventemitter3@npm:^5.0.1":
  version: 5.0.1
  resolution: "eventemitter3@npm:5.0.1"
  checksum: ac6423ec31124629c84c7077eed1e6987f6d66c31cf43c6fcbf6c87791d56317ce808d9ead483652436df171b526fc7220eccdc9f3225df334e81582c3cf7dd5
  languageName: node
  linkType: hard

"fetch-blob@npm:^3.1.2, fetch-blob@npm:^3.1.4":
  version: 3.2.0
  resolution: "fetch-blob@npm:3.2.0"
  dependencies:
    node-domexception: "npm:^1.0.0"
    web-streams-polyfill: "npm:^3.0.3"
  checksum: 5264ecceb5fdc19eb51d1d0359921f12730941e333019e673e71eb73921146dceabcb0b8f534582be4497312d656508a439ad0f5edeec2b29ab2e10c72a1f86b
  languageName: node
  linkType: hard

"formdata-polyfill@npm:^4.0.10":
  version: 4.0.10
  resolution: "formdata-polyfill@npm:4.0.10"
  dependencies:
    fetch-blob: "npm:^3.1.2"
  checksum: 9b5001d2edef3c9449ac3f48bd4f8cc92e7d0f2e7c1a5c8ba555ad4e77535cc5cf621fabe49e97f304067037282dd9093b9160a3cb533e46420b446c4e6bc06f
  languageName: node
  linkType: hard

"json-stringify-safe@npm:^5.0.1":
  version: 5.0.1
  resolution: "json-stringify-safe@npm:5.0.1"
  checksum: 59169a081e4eeb6f9559ae1f938f656191c000e0512aa6df9f3c8b2437a4ab1823819c6b9fd1818a4e39593ccfd72e9a051fdd3e2d1e340ed913679e888ded8c
  languageName: node
  linkType: hard

"mock-socket@npm:^9.3.1":
  version: 9.3.1
  resolution: "mock-socket@npm:9.3.1"
  checksum: c5c07568f2859db6926d79cb61580c07e67958b5cd6b52d1270fdfa17ae066d7f74a18a4208fc4386092eea4e1ee001aa23f015c88a1774265994e4fae34d18e
  languageName: node
  linkType: hard

"ms@npm:2.1.2":
  version: 2.1.2
  resolution: "ms@npm:2.1.2"
  checksum: 673cdb2c3133eb050c745908d8ce632ed2c02d85640e2edb3ace856a2266a813b30c613569bf3354fdf4ea7d1a1494add3bfa95e2713baa27d0c2c71fc44f58f
  languageName: node
  linkType: hard

"nock@npm:^13.4.0":
  version: 13.4.0
  resolution: "nock@npm:13.4.0"
  dependencies:
    debug: "npm:^4.1.0"
    json-stringify-safe: "npm:^5.0.1"
    propagate: "npm:^2.0.0"
  checksum: 269c4d4e2ae250e0af361548ab0ba11a18831cfb3edfd8c6f6b1e4b02c7ffc3b1c8ac04ac33edfd3e114110f4836ab8bb8df398da893cd18fef47d9c256acf7f
  languageName: node
  linkType: hard

"node-domexception@npm:^1.0.0":
  version: 1.0.0
  resolution: "node-domexception@npm:1.0.0"
  checksum: e332522f242348c511640c25a6fc7da4f30e09e580c70c6b13cb0be83c78c3e71c8d4665af2527e869fc96848924a4316ae7ec9014c091e2156f41739d4fa233
  languageName: node
  linkType: hard

"node-fetch@npm:^3.3.2":
  version: 3.3.2
  resolution: "node-fetch@npm:3.3.2"
  dependencies:
    data-uri-to-buffer: "npm:^4.0.0"
    fetch-blob: "npm:^3.1.4"
    formdata-polyfill: "npm:^4.0.10"
  checksum: 24207ca8c81231c7c59151840e3fded461d67a31cf3e3b3968e12201a42f89ce4a0b5fb7079b1fa0a4655957b1ca9257553200f03a9f668b45ebad265ca5593d
  languageName: node
  linkType: hard

"propagate@npm:^2.0.0":
  version: 2.0.1
  resolution: "propagate@npm:2.0.1"
  checksum: 8c761c16e8232f82f6d015d3e01e8bd4109f47ad804f904d950f6fe319813b448ca112246b6bfdc182b400424b155b0b7c4525a9bb009e6fa950200157569c14
  languageName: node
  linkType: hard

"root-workspace-0b6124@workspace:.":
  version: 0.0.0-use.local
  resolution: "root-workspace-0b6124@workspace:."
  dependencies:
    "@polkadot/api": "npm:^10.11.2"
  languageName: unknown
  linkType: soft

"rxjs@npm:^7.8.1":
  version: 7.8.1
  resolution: "rxjs@npm:7.8.1"
  dependencies:
    tslib: "npm:^2.1.0"
  checksum: b10cac1a5258f885e9dd1b70d23c34daeb21b61222ee735d2ec40a8685bdca40429000703a44f0e638c27a684ac139e1c37e835d2a0dc16f6fc061a138ae3abb
  languageName: node
  linkType: hard

"smoldot@npm:2.0.7":
  version: 2.0.7
  resolution: "smoldot@npm:2.0.7"
  dependencies:
    ws: "npm:^8.8.1"
  checksum: 599930a66cd06a21930bf61778869aa4d74b507ab4a6592da0feaf9c9a42597a7758343149ffc1f2be34af535c784b2ab6d7a00f80c8ad60b03fdcd7e49687d8
  languageName: node
  linkType: hard

"tslib@npm:^2.1.0, tslib@npm:^2.6.2":
  version: 2.6.2
  resolution: "tslib@npm:2.6.2"
  checksum: bd26c22d36736513980091a1e356378e8b662ded04204453d353a7f34a4c21ed0afc59b5f90719d4ba756e581a162ecbf93118dc9c6be5acf70aa309188166ca
  languageName: node
  linkType: hard

"undici-types@npm:~5.26.4":
  version: 5.26.5
  resolution: "undici-types@npm:5.26.5"
  checksum: 0097779d94bc0fd26f0418b3a05472410408877279141ded2bd449167be1aed7ea5b76f756562cb3586a07f251b90799bab22d9019ceba49c037c76445f7cddd
  languageName: node
  linkType: hard

"web-streams-polyfill@npm:^3.0.3":
  version: 3.2.1
  resolution: "web-streams-polyfill@npm:3.2.1"
  checksum: 08fcf97b7883c1511dd3da794f50e9bde75a660884783baaddb2163643c21a94086f394dc4bd20dff0f55c98d98d60c4bea05a5809ef5005bdf835b63ada8900
  languageName: node
  linkType: hard

"ws@npm:^8.15.1, ws@npm:^8.8.1":
  version: 8.16.0
  resolution: "ws@npm:8.16.0"
  peerDependencies:
    bufferutil: ^4.0.1
    utf-8-validate: ">=5.0.2"
  peerDependenciesMeta:
    bufferutil:
      optional: true
    utf-8-validate:
      optional: true
  checksum: 7c511c59e979bd37b63c3aea4a8e4d4163204f00bd5633c053b05ed67835481995f61a523b0ad2b603566f9a89b34cb4965cb9fab9649fbfebd8f740cea57f17
  languageName: node
  linkType: hard
