# This file is generated by running "yarn install" inside your project.
# Manual changes might be lost - proceed with caution!

__metadata:
  version: 6
  cacheKey: 8

"@mongodb-js/saslprep@npm:^1.1.0":
  version: 1.1.0
  resolution: "@mongodb-js/saslprep@npm:1.1.0"
  dependencies:
    sparse-bitfield: ^3.0.3
  checksum: 1479a43e216734672f8eb1a2a55165b6896841bd00fb5bd645390a24374ef6c29f0f6d19a43618a19b8f1912fcbd2b2cc2210a62361103d1f28dce6852cf31d4
  languageName: node
  linkType: hard

"@types/node@npm:*":
  version: 20.8.8
  resolution: "@types/node@npm:20.8.8"
  dependencies:
    undici-types: ~5.25.1
  checksum: 028a9606e4ef594a4bc7b3310596499d7ce01b2e30f4d1d906ad8ec30c24cea7ec1b3dc181dd5df8d8d2bfe8de54bf3e28ae93be174b4c7d81c0db8326e4f35c
  languageName: node
  linkType: hard

"@types/webidl-conversions@npm:*":
  version: 7.0.2
  resolution: "@types/webidl-conversions@npm:7.0.2"
  checksum: 780786ce7aa01b38807977353845fe1b442c9efa9af9463128b49ef4ffc487b9f6d4b0d083e5affcac8f85705b91fe904cb0f17c88369804feccd58b8e78bf38
  languageName: node
  linkType: hard

"@types/whatwg-url@npm:^8.2.1":
  version: 8.2.2
  resolution: "@types/whatwg-url@npm:8.2.2"
  dependencies:
    "@types/node": "*"
    "@types/webidl-conversions": "*"
  checksum: 5dc5afe078dfa1a8a266745586fa3db9baa8ce7cc904789211d1dca1d34d7f3dd17d0b7423c36bc9beab9d98aa99338f1fc60798c0af6cbb8356f20e20d9f243
  languageName: node
  linkType: hard

"bson@npm:^6.2.0":
  version: 6.2.0
  resolution: "bson@npm:6.2.0"
  checksum: 950fccd2abd0ff5a1bd3637f4697631298f1538314994ab8c9e13f1c9851d0fd042b54fe8340e00151c2acee43917ea40e64b800ceeea811b00f2de3e900c77e
  languageName: node
  linkType: hard

"dotenv@npm:^16.3.1":
  version: 16.3.1
  resolution: "dotenv@npm:16.3.1"
  checksum: 15d75e7279018f4bafd0ee9706593dd14455ddb71b3bcba9c52574460b7ccaf67d5cf8b2c08a5af1a9da6db36c956a04a1192b101ee102a3e0cf8817bbcf3dfd
  languageName: node
  linkType: hard

"memory-pager@npm:^1.0.2":
  version: 1.5.0
  resolution: "memory-pager@npm:1.5.0"
  checksum: d1a2e684583ef55c61cd3a49101da645b11ad57014dfc565e0b43baa9004b743f7e4ab81493d8fff2ab24e9950987cc3209c94bcc4fc8d7e30a475489a1f15e9
  languageName: node
  linkType: hard

"mongodb-connection-string-url@npm:^2.6.0":
  version: 2.6.0
  resolution: "mongodb-connection-string-url@npm:2.6.0"
  dependencies:
    "@types/whatwg-url": ^8.2.1
    whatwg-url: ^11.0.0
  checksum: 1d662f0ecfe96f7a400f625c244b2e52914c98f3562ee7d19941127578b5f8237624433bdcea285a654041b945b518803512989690c74548aec5860c5541c605
  languageName: node
  linkType: hard

"mongodb@npm:^6.2.0":
  version: 6.2.0
  resolution: "mongodb@npm:6.2.0"
  dependencies:
    "@mongodb-js/saslprep": ^1.1.0
    bson: ^6.2.0
    mongodb-connection-string-url: ^2.6.0
  peerDependencies:
    "@aws-sdk/credential-providers": ^3.188.0
    "@mongodb-js/zstd": ^1.1.0
    gcp-metadata: ^5.2.0
    kerberos: ^2.0.1
    mongodb-client-encryption: ">=6.0.0 <7"
    snappy: ^7.2.2
    socks: ^2.7.1
  peerDependenciesMeta:
    "@aws-sdk/credential-providers":
      optional: true
    "@mongodb-js/zstd":
      optional: true
    gcp-metadata:
      optional: true
    kerberos:
      optional: true
    mongodb-client-encryption:
      optional: true
    snappy:
      optional: true
    socks:
      optional: true
  checksum: dca058e497e4d70f84509b863db33a1126f182757bc389893b31086c49ff429257e62de06f7099aba8cef8790a497f50c98fdcead6e66c451c057ed1453b2049
  languageName: node
  linkType: hard

"punycode@npm:^2.1.1":
  version: 2.3.0
  resolution: "punycode@npm:2.3.0"
  checksum: 39f760e09a2a3bbfe8f5287cf733ecdad69d6af2fe6f97ca95f24b8921858b91e9ea3c9eeec6e08cede96181b3bb33f95c6ffd8c77e63986508aa2e8159fa200
  languageName: node
  linkType: hard

"root-workspace-0b6124@workspace:.":
  version: 0.0.0-use.local
  resolution: "root-workspace-0b6124@workspace:."
  dependencies:
    dotenv: ^16.3.1
    mongodb: ^6.2.0
  languageName: unknown
  linkType: soft

"sparse-bitfield@npm:^3.0.3":
  version: 3.0.3
  resolution: "sparse-bitfield@npm:3.0.3"
  dependencies:
    memory-pager: ^1.0.2
  checksum: 174da88dbbcc783d5dbd26921931cc83830280b8055fb05333786ebe6fc015b9601b24972b3d55920dd2d9f5fb120576fbfa2469b08e5222c9cadf3f05210aab
  languageName: node
  linkType: hard

"tr46@npm:^3.0.0":
  version: 3.0.0
  resolution: "tr46@npm:3.0.0"
  dependencies:
    punycode: ^2.1.1
  checksum: 44c3cc6767fb800490e6e9fd64fd49041aa4e49e1f6a012b34a75de739cc9ed3a6405296072c1df8b6389ae139c5e7c6496f659cfe13a04a4bff3a1422981270
  languageName: node
  linkType: hard

"undici-types@npm:~5.25.1":
  version: 5.25.3
  resolution: "undici-types@npm:5.25.3"
  checksum: ec9d2cc36520cbd9fbe3b3b6c682a87fe5be214699e1f57d1e3d9a2cb5be422e62735f06e0067dc325fd3dd7404c697e4d479f9147dc8a804e049e29f357f2ff
  languageName: node
  linkType: hard

"webidl-conversions@npm:^7.0.0":
  version: 7.0.0
  resolution: "webidl-conversions@npm:7.0.0"
  checksum: f05588567a2a76428515333eff87200fae6c83c3948a7482ebb109562971e77ef6dc49749afa58abb993391227c5697b3ecca52018793e0cb4620a48f10bd21b
  languageName: node
  linkType: hard

"whatwg-url@npm:^11.0.0":
  version: 11.0.0
  resolution: "whatwg-url@npm:11.0.0"
  dependencies:
    tr46: ^3.0.0
    webidl-conversions: ^7.0.0
  checksum: ed4826aaa57e66bb3488a4b25c9cd476c46ba96052747388b5801f137dd740b73fde91ad207d96baf9f17fbcc80fc1a477ad65181b5eb5fa718d27c69501d7af
  languageName: node
  linkType: hard
