# This file is generated by running "yarn install" inside your project.
# Manual changes might be lost - proceed with caution!

__metadata:
  version: 6
  cacheKey: 8

"@adraffy/ens-normalize@npm:1.9.2":
  version: 1.9.2
  resolution: "@adraffy/ens-normalize@npm:1.9.2"
  checksum: a9fdeb9e080774c19e4b7f9f60aa5b37cf23fe0e8fe80284bf8221f7396e9f78642bfd39a09a94a4dc3fb8e70f2ac81545204bdcaf222d93f4c4c2ae1f0dca0b
  languageName: node
  linkType: hard

"@noble/hashes@npm:1.1.2":
  version: 1.1.2
  resolution: "@noble/hashes@npm:1.1.2"
  checksum: 3c2a8cb7c2e053811032f242155d870c5eb98844d924d69702244d48804cb03b42d4a666c49c2b71164420d8229cb9a6f242b972d50d5bb2f1d673b98b041de2
  languageName: node
  linkType: hard

"@noble/secp256k1@npm:1.7.1":
  version: 1.7.1
  resolution: "@noble/secp256k1@npm:1.7.1"
  checksum: d2301f1f7690368d8409a3152450458f27e54df47e3f917292de3de82c298770890c2de7c967d237eff9c95b70af485389a9695f73eb05a43e2bd562d18b18cb
  languageName: node
  linkType: hard

"@types/node@npm:18.15.13":
  version: 18.15.13
  resolution: "@types/node@npm:18.15.13"
  checksum: 79cc5a2b5f98e8973061a4260a781425efd39161a0e117a69cd089603964816c1a14025e1387b4590c8e82d05133b7b4154fa53a7dffb3877890a66145e76515
  languageName: node
  linkType: hard

"aes-js@npm:4.0.0-beta.5":
  version: 4.0.0-beta.5
  resolution: "aes-js@npm:4.0.0-beta.5"
  checksum: cc2ea969d77df939c32057f7e361b6530aa6cb93cb10617a17a45cd164e6d761002f031ff6330af3e67e58b1f0a3a8fd0b63a720afd591a653b02f649470e15b
  languageName: node
  linkType: hard

"ethers@npm:^6.6.0":
  version: 6.6.0
  resolution: "ethers@npm:6.6.0"
  dependencies:
    "@adraffy/ens-normalize": 1.9.2
    "@noble/hashes": 1.1.2
    "@noble/secp256k1": 1.7.1
    "@types/node": 18.15.13
    aes-js: 4.0.0-beta.5
    tslib: 2.4.0
    ws: 8.5.0
  checksum: 242f4fb2050e7b3a3efc41fdf72965f2b128c4431f275cf1e34cf3accfb87102dfb72613f2d48aa075ba4462b6ef77bb990ba77c61ce6edac504532dbc06591c
  languageName: node
  linkType: hard

"movr_lps@workspace:.":
  version: 0.0.0-use.local
  resolution: "movr_lps@workspace:."
  dependencies:
    ethers: ^6.6.0
  languageName: unknown
  linkType: soft

"tslib@npm:2.4.0":
  version: 2.4.0
  resolution: "tslib@npm:2.4.0"
  checksum: 8c4aa6a3c5a754bf76aefc38026134180c053b7bd2f81338cb5e5ebf96fefa0f417bff221592bf801077f5bf990562f6264fecbc42cd3309b33872cb6fc3b113
  languageName: node
  linkType: hard

"ws@npm:8.5.0":
  version: 8.5.0
  resolution: "ws@npm:8.5.0"
  peerDependencies:
    bufferutil: ^4.0.1
    utf-8-validate: ^5.0.2
  peerDependenciesMeta:
    bufferutil:
      optional: true
    utf-8-validate:
      optional: true
  checksum: 76f2f90e40344bf18fd544194e7067812fb1372b2a37865678d8f12afe4b478ff2ebc0c7c0aff82cd5e6b66fc43d889eec0f1865c2365d8f7a66d92da7744a77
  languageName: node
  linkType: hard
